
Microsoft Visual Studio Solution File, Format Version 12.00
# Visual Studio Version 16
VisualStudioVersion = 16.0.810.6
MinimumVisualStudioVersion = 10.0.40219.1
Project("{FAE04EC0-301F-11D3-BF4B-00C04F79EFBC}") = "HDT_Bai5_KeThua", "HDT_Bai5_KeThua\HDT_Bai5_KeThua.csproj", "{BD2F31F9-E70F-4CFB-B460-9E97FAE00859}"
EndProject
Global
	GlobalSection(SolutionConfigurationPlatforms) = preSolution
		Debug|anycpu = Debug|anycpu
		Release|anycpu = Release|anycpu
	EndGlobalSection
	GlobalSection(ProjectConfigurationPlatforms) = postSolution
		{BD2F31F9-E70F-4CFB-B460-9E97FAE00859}.Debug|anycpu.ActiveCfg = Debug|anycpu
		{BD2F31F9-E70F-4CFB-B460-9E97FAE00859}.Debug|anycpu.Build.0 = Debug|anycpu
		{BD2F31F9-E70F-4CFB-B460-9E97FAE00859}.Release|anycpu.ActiveCfg = Release|anycpu
		{BD2F31F9-E70F-4CFB-B460-9E97FAE00859}.Release|anycpu.Build.0 = Release|anycpu
	EndGlobalSection
	GlobalSection(SolutionProperties) = preSolution
		HideSolutionNode = FALSE
	EndGlobalSection
	GlobalSection(ExtensibilityGlobals) = postSolution
		SolutionGuid = {C26C6C5C-B346-48BD-82F6-016791BB521A}
	EndGlobalSection
EndGlobal
